PODS:
  - AppCenter (2.5.3):
    - AppCenter/Analytics (= 2.5.3)
    - AppCenter/Crashes (= 2.5.3)
  - AppCenter/Analytics (2.5.3):
    - AppCenter/Core
  - AppCenter/Core (2.5.3)
  - AppCenter/Crashes (2.5.3):
    - AppCenter/Core
  - AtmosplayAds (3.0.1)
  - Masonry (1.1.0)

DEPENDENCIES:
  - AppCenter
  - AtmosplayAds
  - Masonry

SPEC REPOS:
  https://github.com/CocoaPods/Specs.git:
    - AppCenter
    - AtmosplayAds
    - Masonry

SPEC CHECKSUMS:
  AppCenter: 765ff38c4d360fc5ec61b61a8be24d74cd6d4d83
  AtmosplayAds: 53c615a931c2b5d7df046adbb137172b88dcbc37
  Masonry: 678fab65091a9290e40e2832a55e7ab731aad201

PODFILE CHECKSUM: 678fdb3495f18dbc0169eb6b7f720c2a5594992e

COCOAPODS: 1.8.4
