PODS:
  - AtmosplayAds (3.0.0)
  - Masonry (1.1.0)

DEPENDENCIES:
  - AtmosplayAds (= 3.0.0)
  - Masonry

SPEC REPOS:
  https://github.com/CocoaPods/Specs.git:
    - Masonry
  https://github.com/yumimobi/Specs.git:
    - AtmosplayAds

SPEC CHECKSUMS:
  AtmosplayAds: a63626b3ad6e3cbba4ad8fb1caf635ab4cb3029d
  Masonry: 678fab65091a9290e40e2832a55e7ab731aad201

PODFILE CHECKSUM: fe93eb80b1c05f51b97e9a041ab8c23304dadcd6

COCOAPODS: 1.8.4
